{
  "name": "@addp/common-frontend-map",
  "version": "1.0.0",
  "lockfileVersion": 3,
  "requires": true,
  "packages": {
    "": {
      "name": "@addp/common-frontend-map",
      "version": "1.0.0",
      "peerDependencies": {
        "@amap/amap-jsapi-loader": "^1.0.1",
        "ol": "^9.2.4",
        "vue": "^3.4.0"
      }
    },
    "node_modules/@amap/amap-jsapi-loader": {
      "version": "1.0.1",
      "resolved": "https://registry.npmmirror.com/@amap/amap-jsapi-loader/-/amap-jsapi-loader-1.0.1.tgz",
      "integrity": "sha512-nPyLKt7Ow/ThHLkSvn2etQlUzqxmTVgK7bIgwdBRTg2HK5668oN7xVxkaiRe3YZEzGzfV2XgH5Jmu2T73ljejw==",
      "license": "MIT",
      "peer": true
    },
    "node_modules/@babel/helper-string-parser": {
      "version": "7.27.1",
      "resolved": "https://registry.npmmirror.com/@babel/helper-string-parser/-/helper-string-parser-7.27.1.tgz",
      "integrity": "sha512-qMlSxKbpRlAridDExk92nSobyDdpPijUq2DW6oDnUqd0iOGxmQjyqhMIihI9+zv4LPyZdRje2cavWPbCbWm3eA==",
      "license": "MIT",
      "engines": {
        "node": ">=6.9.0"
      }
    },
    "node_modules/@babel/helper-validator-identifier": {
      "version": "7.28.5",
      "resolved": "https://registry.npmmirror.com/@babel/helper-validator-identifier/-/helper-validator-identifier-7.28.5.tgz",
      "integrity": "sha512-qSs4ifwzKJSV39ucNjsvc6WVHs6b7S03sOh2OcHF9UHfVPqWWALUsNUVzhSBiItjRZoLHx7nIarVjqKVusUZ1Q==",
      "license": "MIT",
      "engines": {
        "node": ">=6.9.0"
      }
    },
    "node_modules/@babel/parser": {
      "version": "7.29.0",
      "resolved": "https://registry.npmmirror.com/@babel/parser/-/parser-7.29.0.tgz",
      "integrity": "sha512-IyDgFV5GeDUVX4YdF/3CPULtVGSXXMLh1xVIgdCgxApktqnQV0r7/8Nqthg+8YLGaAtdyIlo2qIdZrbCv4+7ww==",
      "license": "MIT",
      "dependencies": {
        "@babel/types": "^7.29.0"
      },
      "bin": {
        "parser": "bin/babel-parser.js"
      },
      "engines": {
        "node": ">=6.0.0"
      }
    },
    "node_modules/@babel/types": {
      "version": "7.29.0",
      "resolved": "https://registry.npmmirror.com/@babel/types/-/types-7.29.0.tgz",
      "integrity": "sha512-LwdZHpScM4Qz8Xw2iKSzS+cfglZzJGvofQICy7W7v4caru4EaAmyUuO6BGrbyQ2mYV11W0U8j5mBhd14dd3B0A==",
      "license": "MIT",
      "dependencies": {
        "@babel/helper-string-parser": "^7.27.1",
        "@babel/helper-validator-identifier": "^7.28.5"
      },
      "engines": {
        "node": ">=6.9.0"
      }
    },
    "node_modules/@jridgewell/sourcemap-codec": {
      "version": "1.5.5",
      "resolved": "https://registry.npmmirror.com/@jridgewell/sourcemap-codec/-/sourcemap-codec-1.5.5.tgz",
      "integrity": "sha512-cYQ9310grqxueWbl+WuIUIaiUaDcj7WOq5fVhEljNVgRfOUhY9fy2zTvfoqWsnebh8Sl70VScFbICvJnLKB0Og==",
      "license": "MIT"
    },
    "node_modules/@petamoriken/float16": {
      "version": "3.9.3",
      "resolved": "https://registry.npmmirror.com/@petamoriken/float16/-/float16-3.9.3.tgz",
      "integrity": "sha512-8awtpHXCx/bNpFt4mt2xdkgtgVvKqty8VbjHI/WWWQuEw+KLzFot3f4+LkQY9YmOtq7A5GdOnqoIC8Pdygjk2g==",
      "license": "MIT"
    },
    "node_modules/@vue/compiler-core": {
      "version": "3.5.27",
      "resolved": "https://registry.npmmirror.com/@vue/compiler-core/-/compiler-core-3.5.27.tgz",
      "integrity": "sha512-gnSBQjZA+//qDZen+6a2EdHqJ68Z7uybrMf3SPjEGgG4dicklwDVmMC1AeIHxtLVPT7sn6sH1KOO+tS6gwOUeQ==",
      "license": "MIT",
      "dependencies": {
        "@babel/parser": "^7.28.5",
        "@vue/shared": "3.5.27",
        "entities": "^7.0.0",
        "estree-walker": "^2.0.2",
        "source-map-js": "^1.2.1"
      }
    },
    "node_modules/@vue/compiler-dom": {
      "version": "3.5.27",
      "resolved": "https://registry.npmmirror.com/@vue/compiler-dom/-/compiler-dom-3.5.27.tgz",
      "integrity": "sha512-oAFea8dZgCtVVVTEC7fv3T5CbZW9BxpFzGGxC79xakTr6ooeEqmRuvQydIiDAkglZEAd09LgVf1RoDnL54fu5w==",
      "license": "MIT",
      "dependencies": {
        "@vue/compiler-core": "3.5.27",
        "@vue/shared": "3.5.27"
      }
    },
    "node_modules/@vue/compiler-sfc": {
      "version": "3.5.27",
      "resolved": "https://registry.npmmirror.com/@vue/compiler-sfc/-/compiler-sfc-3.5.27.tgz",
      "integrity": "sha512-sHZu9QyDPeDmN/MRoshhggVOWE5WlGFStKFwu8G52swATgSny27hJRWteKDSUUzUH+wp+bmeNbhJnEAel/auUQ==",
      "license": "MIT",
      "dependencies": {
        "@babel/parser": "^7.28.5",
        "@vue/compiler-core": "3.5.27",
        "@vue/compiler-dom": "3.5.27",
        "@vue/compiler-ssr": "3.5.27",
        "@vue/shared": "3.5.27",
        "estree-walker": "^2.0.2",
        "magic-string": "^0.30.21",
        "postcss": "^8.5.6",
        "source-map-js": "^1.2.1"
      }
    },
    "node_modules/@vue/compiler-ssr": {
      "version": "3.5.27",
      "resolved": "https://registry.npmmirror.com/@vue/compiler-ssr/-/compiler-ssr-3.5.27.tgz",
      "integrity": "sha512-Sj7h+JHt512fV1cTxKlYhg7qxBvack+BGncSpH+8vnN+KN95iPIcqB5rsbblX40XorP+ilO7VIKlkuu3Xq2vjw==",
      "license": "MIT",
      "dependencies": {
        "@vue/compiler-dom": "3.5.27",
        "@vue/shared": "3.5.27"
      }
    },
    "node_modules/@vue/reactivity": {
      "version": "3.5.27",
      "resolved": "https://registry.npmmirror.com/@vue/reactivity/-/reactivity-3.5.27.tgz",
      "integrity": "sha512-vvorxn2KXfJ0nBEnj4GYshSgsyMNFnIQah/wczXlsNXt+ijhugmW+PpJ2cNPe4V6jpnBcs0MhCODKllWG+nvoQ==",
      "license": "MIT",
      "dependencies": {
        "@vue/shared": "3.5.27"
      }
    },
    "node_modules/@vue/runtime-core": {
      "version": "3.5.27",
      "resolved": "https://registry.npmmirror.com/@vue/runtime-core/-/runtime-core-3.5.27.tgz",
      "integrity": "sha512-fxVuX/fzgzeMPn/CLQecWeDIFNt3gQVhxM0rW02Tvp/YmZfXQgcTXlakq7IMutuZ/+Ogbn+K0oct9J3JZfyk3A==",
      "license": "MIT",
      "dependencies": {
        "@vue/reactivity": "3.5.27",
        "@vue/shared": "3.5.27"
      }
    },
    "node_modules/@vue/runtime-dom": {
      "version": "3.5.27",
      "resolved": "https://registry.npmmirror.com/@vue/runtime-dom/-/runtime-dom-3.5.27.tgz",
      "integrity": "sha512-/QnLslQgYqSJ5aUmb5F0z0caZPGHRB8LEAQ1s81vHFM5CBfnun63rxhvE/scVb/j3TbBuoZwkJyiLCkBluMpeg==",
      "license": "MIT",
      "dependencies": {
        "@vue/reactivity": "3.5.27",
        "@vue/runtime-core": "3.5.27",
        "@vue/shared": "3.5.27",
        "csstype": "^3.2.3"
      }
    },
    "node_modules/@vue/server-renderer": {
      "version": "3.5.27",
      "resolved": "https://registry.npmmirror.com/@vue/server-renderer/-/server-renderer-3.5.27.tgz",
      "integrity": "sha512-qOz/5thjeP1vAFc4+BY3Nr6wxyLhpeQgAE/8dDtKo6a6xdk+L4W46HDZgNmLOBUDEkFXV3G7pRiUqxjX0/2zWA==",
      "license": "MIT",
      "dependencies": {
        "@vue/compiler-ssr": "3.5.27",
        "@vue/shared": "3.5.27"
      },
      "peerDependencies": {
        "vue": "3.5.27"
      }
    },
    "node_modules/@vue/shared": {
      "version": "3.5.27",
      "resolved": "https://registry.npmmirror.com/@vue/shared/-/shared-3.5.27.tgz",
      "integrity": "sha512-dXr/3CgqXsJkZ0n9F3I4elY8wM9jMJpP3pvRG52r6m0tu/MsAFIe6JpXVGeNMd/D9F4hQynWT8Rfuj0bdm9kFQ==",
      "license": "MIT"
    },
    "node_modules/color-name": {
      "version": "2.1.0",
      "resolved": "https://registry.npmmirror.com/color-name/-/color-name-2.1.0.tgz",
      "integrity": "sha512-1bPaDNFm0axzE4MEAzKPuqKWeRaT43U/hyxKPBdqTfmPF+d6n7FSoTFxLVULUJOmiLp01KjhIPPH+HrXZJN4Rg==",
      "license": "MIT",
      "engines": {
        "node": ">=12.20"
      }
    },
    "node_modules/color-parse": {
      "version": "2.0.2",
      "resolved": "https://registry.npmmirror.com/color-parse/-/color-parse-2.0.2.tgz",
      "integrity": "sha512-eCtOz5w5ttWIUcaKLiktF+DxZO1R9KLNY/xhbV6CkhM7sR3GhVghmt6X6yOnzeaM24po+Z9/S1apbXMwA3Iepw==",
      "license": "MIT",
      "dependencies": {
        "color-name": "^2.0.0"
      }
    },
    "node_modules/color-rgba": {
      "version": "3.0.0",
      "resolved": "https://registry.npmmirror.com/color-rgba/-/color-rgba-3.0.0.tgz",
      "integrity": "sha512-PPwZYkEY3M2THEHHV6Y95sGUie77S7X8v+h1r6LSAPF3/LL2xJ8duUXSrkic31Nzc4odPwHgUbiX/XuTYzQHQg==",
      "license": "MIT",
      "dependencies": {
        "color-parse": "^2.0.0",
        "color-space": "^2.0.0"
      }
    },
    "node_modules/color-space": {
      "version": "2.3.2",
      "resolved": "https://registry.npmmirror.com/color-space/-/color-space-2.3.2.tgz",
      "integrity": "sha512-BcKnbOEsOarCwyoLstcoEztwT0IJxqqQkNwDuA3a65sICvvHL2yoeV13psoDFh5IuiOMnIOKdQDwB4Mk3BypiA==",
      "license": "Unlicense"
    },
    "node_modules/csstype": {
      "version": "3.2.3",
      "resolved": "https://registry.npmmirror.com/csstype/-/csstype-3.2.3.tgz",
      "integrity": "sha512-z1HGKcYy2xA8AGQfwrn0PAy+PB7X/GSj3UVJW9qKyn43xWa+gl5nXmU4qqLMRzWVLFC8KusUX8T/0kCiOYpAIQ==",
      "license": "MIT"
    },
    "node_modules/earcut": {
      "version": "2.2.4",
      "resolved": "https://registry.npmmirror.com/earcut/-/earcut-2.2.4.tgz",
      "integrity": "sha512-/pjZsA1b4RPHbeWZQn66SWS8nZZWLQQ23oE3Eam7aroEFGEvwKAsJfZ9ytiEMycfzXWpca4FA9QIOehf7PocBQ==",
      "license": "ISC"
    },
    "node_modules/entities": {
      "version": "7.0.1",
      "resolved": "https://registry.npmmirror.com/entities/-/entities-7.0.1.tgz",
      "integrity": "sha512-TWrgLOFUQTH994YUyl1yT4uyavY5nNB5muff+RtWaqNVCAK408b5ZnnbNAUEWLTCpum9w6arT70i1XdQ4UeOPA==",
      "license": "BSD-2-Clause",
      "engines": {
        "node": ">=0.12"
      },
      "funding": {
        "url": "https://github.com/fb55/entities?sponsor=1"
      }
    },
    "node_modules/estree-walker": {
      "version": "2.0.2",
      "resolved": "https://registry.npmmirror.com/estree-walker/-/estree-walker-2.0.2.tgz",
      "integrity": "sha512-Rfkk/Mp/DL7JVje3u18FxFujQlTNR2q6QfMSMB7AvCBx91NGj/ba3kCfza0f6dVDbw7YlRf/nDrn7pQrCCyQ/w==",
      "license": "MIT"
    },
    "node_modules/geotiff": {
      "version": "2.1.3",
      "resolved": "https://registry.npmmirror.com/geotiff/-/geotiff-2.1.3.tgz",
      "integrity": "sha512-PT6uoF5a1+kbC3tHmZSUsLHBp2QJlHasxxxxPW47QIY1VBKpFB+FcDvX+MxER6UzgLQZ0xDzJ9s48B9JbOCTqA==",
      "license": "MIT",
      "dependencies": {
        "@petamoriken/float16": "^3.4.7",
        "lerc": "^3.0.0",
        "pako": "^2.0.4",
        "parse-headers": "^2.0.2",
        "quick-lru": "^6.1.1",
        "web-worker": "^1.2.0",
        "xml-utils": "^1.0.2",
        "zstddec": "^0.1.0"
      },
      "engines": {
        "node": ">=10.19"
      }
    },
    "node_modules/ieee754": {
      "version": "1.2.1",
      "resolved": "https://registry.npmmirror.com/ieee754/-/ieee754-1.2.1.tgz",
      "integrity": "sha512-dcyqhDvX1C46lXZcVqCpK+FtMRQVdIMN6/Df5js2zouUsqG7I6sFxitIC+7KYK29KdXOLHdu9zL4sFnoVQnqaA==",
      "funding": [
        {
          "type": "github",
          "url": "https://github.com/sponsors/feross"
        },
        {
          "type": "patreon",
          "url": "https://www.patreon.com/feross"
        },
        {
          "type": "consulting",
          "url": "https://feross.org/support"
        }
      ],
      "license": "BSD-3-Clause"
    },
    "node_modules/lerc": {
      "version": "3.0.0",
      "resolved": "https://registry.npmmirror.com/lerc/-/lerc-3.0.0.tgz",
      "integrity": "sha512-Rm4J/WaHhRa93nCN2mwWDZFoRVF18G1f47C+kvQWyHGEZxFpTUi73p7lMVSAndyxGt6lJ2/CFbOcf9ra5p8aww==",
      "license": "Apache-2.0"
    },
    "node_modules/magic-string": {
      "version": "0.30.21",
      "resolved": "https://registry.npmmirror.com/magic-string/-/magic-string-0.30.21.tgz",
      "integrity": "sha512-vd2F4YUyEXKGcLHoq+TEyCjxueSeHnFxyyjNp80yg0XV4vUhnDer/lvvlqM/arB5bXQN5K2/3oinyCRyx8T2CQ==",
      "license": "MIT",
      "dependencies": {
        "@jridgewell/sourcemap-codec": "^1.5.5"
      }
    },
    "node_modules/nanoid": {
      "version": "3.3.11",
      "resolved": "https://registry.npmmirror.com/nanoid/-/nanoid-3.3.11.tgz",
      "integrity": "sha512-N8SpfPUnUp1bK+PMYW8qSWdl9U+wwNWI4QKxOYDy9JAro3WMX7p2OeVRF9v+347pnakNevPmiHhNmZ2HbFA76w==",
      "funding": [
        {
          "type": "github",
          "url": "https://github.com/sponsors/ai"
        }
      ],
      "license": "MIT",
      "bin": {
        "nanoid": "bin/nanoid.cjs"
      },
      "engines": {
        "node": "^10 || ^12 || ^13.7 || ^14 || >=15.0.1"
      }
    },
    "node_modules/ol": {
      "version": "9.2.4",
      "resolved": "https://registry.npmmirror.com/ol/-/ol-9.2.4.tgz",
      "integrity": "sha512-bsbu4ObaAlbELMIZWnYEvX4Z9jO+OyCBshtODhDKmqYTPEfnKOX3RieCr97tpJkqWTZvyV4tS9UQDvHoCdxS+A==",
      "license": "BSD-2-Clause",
      "peer": true,
      "dependencies": {
        "color-rgba": "^3.0.0",
        "color-space": "^2.0.1",
        "earcut": "^2.2.3",
        "geotiff": "^2.0.7",
        "pbf": "3.2.1",
        "rbush": "^3.0.1"
      },
      "funding": {
        "type": "opencollective",
        "url": "https://opencollective.com/openlayers"
      }
    },
    "node_modules/pako": {
      "version": "2.1.0",
      "resolved": "https://registry.npmmirror.com/pako/-/pako-2.1.0.tgz",
      "integrity": "sha512-w+eufiZ1WuJYgPXbV/PO3NCMEc3xqylkKHzp8bxp1uW4qaSNQUkwmLLEc3kKsfz8lpV1F8Ht3U1Cm+9Srog2ug==",
      "license": "(MIT AND Zlib)"
    },
    "node_modules/parse-headers": {
      "version": "2.0.6",
      "resolved": "https://registry.npmmirror.com/parse-headers/-/parse-headers-2.0.6.tgz",
      "integrity": "sha512-Tz11t3uKztEW5FEVZnj1ox8GKblWn+PvHY9TmJV5Mll2uHEwRdR/5Li1OlXoECjLYkApdhWy44ocONwXLiKO5A==",
      "license": "MIT"
    },
    "node_modules/pbf": {
      "version": "3.2.1",
      "resolved": "https://registry.npmmirror.com/pbf/-/pbf-3.2.1.tgz",
      "integrity": "sha512-ClrV7pNOn7rtmoQVF4TS1vyU0WhYRnP92fzbfF75jAIwpnzdJXf8iTd4CMEqO4yUenH6NDqLiwjqlh6QgZzgLQ==",
      "license": "BSD-3-Clause",
      "dependencies": {
        "ieee754": "^1.1.12",
        "resolve-protobuf-schema": "^2.1.0"
      },
      "bin": {
        "pbf": "bin/pbf"
      }
    },
    "node_modules/picocolors": {
      "version": "1.1.1",
      "resolved": "https://registry.npmmirror.com/picocolors/-/picocolors-1.1.1.tgz",
      "integrity": "sha512-xceH2snhtb5M9liqDsmEw56le376mTZkEX/jEb/RxNFyegNul7eNslCXP9FDj/Lcu0X8KEyMceP2ntpaHrDEVA==",
      "license": "ISC"
    },
    "node_modules/postcss": {
      "version": "8.5.6",
      "resolved": "https://registry.npmmirror.com/postcss/-/postcss-8.5.6.tgz",
      "integrity": "sha512-3Ybi1tAuwAP9s0r1UQ2J4n5Y0G05bJkpUIO0/bI9MhwmD70S5aTWbXGBwxHrelT+XM1k6dM0pk+SwNkpTRN7Pg==",
      "funding": [
        {
          "type": "opencollective",
          "url": "https://opencollective.com/postcss/"
        },
        {
          "type": "tidelift",
          "url": "https://tidelift.com/funding/github/npm/postcss"
        },
        {
          "type": "github",
          "url": "https://github.com/sponsors/ai"
        }
      ],
      "license": "MIT",
      "dependencies": {
        "nanoid": "^3.3.11",
        "picocolors": "^1.1.1",
        "source-map-js": "^1.2.1"
      },
      "engines": {
        "node": "^10 || ^12 || >=14"
      }
    },
    "node_modules/protocol-buffers-schema": {
      "version": "3.6.0",
      "resolved": "https://registry.npmmirror.com/protocol-buffers-schema/-/protocol-buffers-schema-3.6.0.tgz",
      "integrity": "sha512-TdDRD+/QNdrCGCE7v8340QyuXd4kIWIgapsE2+n/SaGiSSbomYl4TjHlvIoCWRpE7wFt02EpB35VVA2ImcBVqw==",
      "license": "MIT"
    },
    "node_modules/quick-lru": {
      "version": "6.1.2",
      "resolved": "https://registry.npmmirror.com/quick-lru/-/quick-lru-6.1.2.tgz",
      "integrity": "sha512-AAFUA5O1d83pIHEhJwWCq/RQcRukCkn/NSm2QsTEMle5f2hP0ChI2+3Xb051PZCkLryI/Ir1MVKviT2FIloaTQ==",
      "license": "MIT",
      "engines": {
        "node": ">=12"
      },
      "funding": {
        "url": "https://github.com/sponsors/sindresorhus"
      }
    },
    "node_modules/quickselect": {
      "version": "2.0.0",
      "resolved": "https://registry.npmmirror.com/quickselect/-/quickselect-2.0.0.tgz",
      "integrity": "sha512-RKJ22hX8mHe3Y6wH/N3wCM6BWtjaxIyyUIkpHOvfFnxdI4yD4tBXEBKSbriGujF6jnSVkJrffuo6vxACiSSxIw==",
      "license": "ISC"
    },
    "node_modules/rbush": {
      "version": "3.0.1",
      "resolved": "https://registry.npmmirror.com/rbush/-/rbush-3.0.1.tgz",
      "integrity": "sha512-XRaVO0YecOpEuIvbhbpTrZgoiI6xBlz6hnlr6EHhd+0x9ase6EmeN+hdwwUaJvLcsFFQ8iWVF1GAK1yB0BWi0w==",
      "license": "MIT",
      "dependencies": {
        "quickselect": "^2.0.0"
      }
    },
    "node_modules/resolve-protobuf-schema": {
      "version": "2.1.0",
      "resolved": "https://registry.npmmirror.com/resolve-protobuf-schema/-/resolve-protobuf-schema-2.1.0.tgz",
      "integrity": "sha512-kI5ffTiZWmJaS/huM8wZfEMer1eRd7oJQhDuxeCLe3t7N7mX3z94CN0xPxBQxFYQTSNz9T0i+v6inKqSdK8xrQ==",
      "license": "MIT",
      "dependencies": {
        "protocol-buffers-schema": "^3.3.1"
      }
    },
    "node_modules/source-map-js": {
      "version": "1.2.1",
      "resolved": "https://registry.npmmirror.com/source-map-js/-/source-map-js-1.2.1.tgz",
      "integrity": "sha512-UXWMKhLOwVKb728IUtQPXxfYU+usdybtUrK/8uGE8CQMvrhOpwvzDBwj0QhSL7MQc7vIsISBG8VQ8+IDQxpfQA==",
      "license": "BSD-3-Clause",
      "engines": {
        "node": ">=0.10.0"
      }
    },
    "node_modules/vue": {
      "version": "3.5.27",
      "resolved": "https://registry.npmmirror.com/vue/-/vue-3.5.27.tgz",
      "integrity": "sha512-aJ/UtoEyFySPBGarREmN4z6qNKpbEguYHMmXSiOGk69czc+zhs0NF6tEFrY8TZKAl8N/LYAkd4JHVd5E/AsSmw==",
      "license": "MIT",
      "peer": true,
      "dependencies": {
        "@vue/compiler-dom": "3.5.27",
        "@vue/compiler-sfc": "3.5.27",
        "@vue/runtime-dom": "3.5.27",
        "@vue/server-renderer": "3.5.27",
        "@vue/shared": "3.5.27"
      },
      "peerDependencies": {
        "typescript": "*"
      },
      "peerDependenciesMeta": {
        "typescript": {
          "optional": true
        }
      }
    },
    "node_modules/web-worker": {
      "version": "1.5.0",
      "resolved": "https://registry.npmmirror.com/web-worker/-/web-worker-1.5.0.tgz",
      "integrity": "sha512-RiMReJrTAiA+mBjGONMnjVDP2u3p9R1vkcGz6gDIrOMT3oGuYwX2WRMYI9ipkphSuE5XKEhydbhNEJh4NY9mlw==",
      "license": "Apache-2.0"
    },
    "node_modules/xml-utils": {
      "version": "1.10.2",
      "resolved": "https://registry.npmmirror.com/xml-utils/-/xml-utils-1.10.2.tgz",
      "integrity": "sha512-RqM+2o1RYs6T8+3DzDSoTRAUfrvaejbVHcp3+thnAtDKo8LskR+HomLajEy5UjTz24rpka7AxVBRR3g2wTUkJA==",
      "license": "CC0-1.0"
    },
    "node_modules/zstddec": {
      "version": "0.1.0",
      "resolved": "https://registry.npmmirror.com/zstddec/-/zstddec-0.1.0.tgz",
      "integrity": "sha512-w2NTI8+3l3eeltKAdK8QpiLo/flRAr2p8AGeakfMZOXBxOg9HIu4LVDxBi81sYgVhFhdJjv1OrB5ssI8uFPoLg==",
      "license": "MIT AND BSD-3-Clause"
    }
  }
}
